# This file was autogenerated by Stack.
# You should not edit this file by hand.
# For more information, please see the documentation at:
#   https://docs.haskellstack.org/en/stable/lock_files

packages:
- completed:
    size: 8366
    url: https://github.com/mstksg/functor-products/archive/476b961bb007d7ee9aa0e60500c1473bc4a34e73.tar.gz
    cabal-file:
      size: 1140
      sha256: de5ef87f6154dfdb5e8ca9d609e12959e93b28c2467a0e655dea1e9f67b33818
    name: functor-products
    version: 0.1.0.0
    sha256: 6d271ac81804a3cca1eb4f92acbb93092bce292809d62061340268fe4d09976e
    pantry-tree:
      size: 477
      sha256: 479ea6650a95cb50e909ef1df9534228a255a1b49b1b167193eac1b3fcbaedc8
  original:
    url: https://github.com/mstksg/functor-products/archive/476b961bb007d7ee9aa0e60500c1473bc4a34e73.tar.gz
snapshots:
- completed:
    size: 523441
    url: https://raw.githubusercontent.com/commercialhaskell/stackage-snapshots/master/nightly/2019/8/3.yaml
    sha256: 096b436543020fde7f0dd0ceb029c4a324977e7e8feb64e6b2a90f7906db21d3
  original: nightly-2019-08-03
