# This file was autogenerated by Stack.
# You should not edit this file by hand.
# For more information, please see the documentation at:
#   https://docs.haskellstack.org/en/stable/lock_files

packages:
- completed:
    hackage: functor-products-0.1.0.0@sha256:cc5e526b5f3694d33a89044578e4fe74e4e05dd01d5d96bc57be06d6d98a1883,1455
    pantry-tree:
      size: 408
      sha256: 33712b9ee5c4491bcf320dc53618dba0f765a1ece19e26336fa9ed2aa3809365
  original:
    hackage: functor-products-0.1.0.0
snapshots:
- completed:
    size: 523441
    url: https://raw.githubusercontent.com/commercialhaskell/stackage-snapshots/master/nightly/2019/8/3.yaml
    sha256: 096b436543020fde7f0dd0ceb029c4a324977e7e8feb64e6b2a90f7906db21d3
  original: nightly-2019-08-03
