# This file was autogenerated by Stack.
# You should not edit this file by hand.
# For more information, please see the documentation at:
#   https://docs.haskellstack.org/en/stable/lock_files

packages:
- completed:
    hackage: functor-products-0.1.1.0@sha256:2bea36b6106b5756be6b81b3a5bfe7b41db1cf45fb63c19a1f04b572ba90fd0c,1456
    pantry-tree:
      size: 408
      sha256: 6c7d58498a2c23338baa8275a51e9099739812b1bd36126f887e5cdf57cce45b
  original:
    hackage: functor-products-0.1.1.0
- completed:
    hackage: singletons-2.6@sha256:e8e9cea442e37f565fab8604fe54f78c776421e54ed67ac6b4c454e11991db0b,7167
    pantry-tree:
      size: 23889
      sha256: 0b51b772102a36eca4522cbcf564e8966a8756ca2cd51cc377a9771dbc9f88c6
  original:
    hackage: singletons-2.6
- completed:
    hackage: vinyl-0.12.0@sha256:6136e2608c2c4be0c112944fb0f5a6a0df56b50adec12eb1b7240258abfcf9b1,3790
    pantry-tree:
      size: 1857
      sha256: aeb9e0e1a3bbe2b1f048a096430d240964a31c6936a1da89f4b32e931eba9d69
  original:
    hackage: vinyl-0.12.0
snapshots:
- completed:
    size: 471739
    url: https://raw.githubusercontent.com/commercialhaskell/stackage-snapshots/master/nightly/2020/1/31.yaml
    sha256: 33d27fc35a58c51d7a8873c8538e64053560031210613cb218232f398c266f82
  original: nightly-2020-01-31
